
Microsoft Visual Studio Solution File, Format Version 12.00
# Visual Studio Version 16
VisualStudioVersion = 16.0.31624.102
MinimumVisualStudioVersion = 10.0.40219.1
Project("{FAE04EC0-301F-11D3-BF4B-00C04F79EFBC}") = "ObserverPatternMedlab", "ObserverPatternMedlab\ObserverPatternMedlab.csproj", "{8811CACF-A4BF-497C-B150-B547BCF5ECD7}"
EndProject
Global
	GlobalSection(SolutionConfigurationPlatforms) = preSolution
		Debug|Any CPU = Debug|Any CPU
		Release|Any CPU = Release|Any CPU
	EndGlobalSection
	GlobalSection(ProjectConfigurationPlatforms) = postSolution
		{8811CACF-A4BF-497C-B150-B547BCF5ECD7}.Debug|Any CPU.ActiveCfg = Debug|Any CPU
		{8811CACF-A4BF-497C-B150-B547BCF5ECD7}.Debug|Any CPU.Build.0 = Debug|Any CPU
		{8811CACF-A4BF-497C-B150-B547BCF5ECD7}.Release|Any CPU.ActiveCfg = Release|Any CPU
		{8811CACF-A4BF-497C-B150-B547BCF5ECD7}.Release|Any CPU.Build.0 = Release|Any CPU
	EndGlobalSection
	GlobalSection(SolutionProperties) = preSolution
		HideSolutionNode = FALSE
	EndGlobalSection
	GlobalSection(ExtensibilityGlobals) = postSolution
		SolutionGuid = {6EB22FEC-4CE4-426B-BEA7-21CCB2C8FCB7}
	EndGlobalSection
EndGlobal
